
Microsoft Visual Studio Solution File, Format Version 12.00
# Visual Studio Version 16
VisualStudioVersion = 16.0.30204.135
MinimumVisualStudioVersion = 10.0.40219.1
Project("{FAE04EC0-301F-11D3-BF4B-00C04F79EFBC}") = "SolidKata", "SolidKata\SolidKata.csproj", "{3E810FCD-8A74-4B92-BEB2-BEDDA6F39A06}"
EndProject
Project("{FAE04EC0-301F-11D3-BF4B-00C04F79EFBC}") = "SolidKata.Test", "SolidKata.Test\SolidKata.Test.csproj", "{486CA3B4-09ED-45CD-92B5-C91F18C9F504}"
	ProjectSection(ProjectDependencies) = postProject
		{3E810FCD-8A74-4B92-BEB2-BEDDA6F39A06} = {3E810FCD-8A74-4B92-BEB2-BEDDA6F39A06}
	EndProjectSection
EndProject
Global
	GlobalSection(SolutionConfigurationPlatforms) = preSolution
		Debug|Any CPU = Debug|Any CPU
		Release|Any CPU = Release|Any CPU
	EndGlobalSection
	GlobalSection(ProjectConfigurationPlatforms) = postSolution
		{3E810FCD-8A74-4B92-BEB2-BEDDA6F39A06}.Debug|Any CPU.ActiveCfg = Debug|Any CPU
		{3E810FCD-8A74-4B92-BEB2-BEDDA6F39A06}.Debug|Any CPU.Build.0 = Debug|Any CPU
		{3E810FCD-8A74-4B92-BEB2-BEDDA6F39A06}.Release|Any CPU.ActiveCfg = Release|Any CPU
		{3E810FCD-8A74-4B92-BEB2-BEDDA6F39A06}.Release|Any CPU.Build.0 = Release|Any CPU
		{486CA3B4-09ED-45CD-92B5-C91F18C9F504}.Debug|Any CPU.ActiveCfg = Debug|Any CPU
		{486CA3B4-09ED-45CD-92B5-C91F18C9F504}.Debug|Any CPU.Build.0 = Debug|Any CPU
		{486CA3B4-09ED-45CD-92B5-C91F18C9F504}.Release|Any CPU.ActiveCfg = Release|Any CPU
		{486CA3B4-09ED-45CD-92B5-C91F18C9F504}.Release|Any CPU.Build.0 = Release|Any CPU
	EndGlobalSection
	GlobalSection(SolutionProperties) = preSolution
		HideSolutionNode = FALSE
	EndGlobalSection
	GlobalSection(ExtensibilityGlobals) = postSolution
		SolutionGuid = {5BC1F4F6-EEBF-41B6-A0AE-84702BA338C7}
	EndGlobalSection
EndGlobal
